
Microsoft Visual Studio Solution File, Format Version 12.00
# Visual Studio Version 17
VisualStudioVersion = 17.9.34714.143
MinimumVisualStudioVersion = 10.0.40219.1
Project("{2150E333-8FDC-42A3-9474-1A3956D46DE8}") = "FrontEnd", "FrontEnd", "{25E5FF92-1410-4DD7-971B-8D29F09C4A48}"
EndProject
Project("{2150E333-8FDC-42A3-9474-1A3956D46DE8}") = "Gateway", "Gateway", "{250F989E-F8A5-451D-82A7-D5B54E7F144C}"
EndProject
Project("{2150E333-8FDC-42A3-9474-1A3956D46DE8}") = "Intergration", "Intergration", "{752B0322-B405-48EB-99F1-57017CCAD696}"
EndProject
Project("{2150E333-8FDC-42A3-9474-1A3956D46DE8}") = "Services", "Services", "{5B2D935D-6B22-4ECE-9CD3-6BC42496FA51}"
EndProject
Project("{FAE04EC0-301F-11D3-BF4B-00C04F79EFBC}") = "Services.CouponAPI", "Services.CouponAPI\Services.CouponAPI.csproj", "{0D1C012D-3375-4FEC-9C32-B28B81312D8C}"
EndProject
Global
	GlobalSection(SolutionConfigurationPlatforms) = preSolution
		Debug|Any CPU = Debug|Any CPU
		Release|Any CPU = Release|Any CPU
	EndGlobalSection
	GlobalSection(ProjectConfigurationPlatforms) = postSolution
		{0D1C012D-3375-4FEC-9C32-B28B81312D8C}.Debug|Any CPU.ActiveCfg = Debug|Any CPU
		{0D1C012D-3375-4FEC-9C32-B28B81312D8C}.Debug|Any CPU.Build.0 = Debug|Any CPU
		{0D1C012D-3375-4FEC-9C32-B28B81312D8C}.Release|Any CPU.ActiveCfg = Release|Any CPU
		{0D1C012D-3375-4FEC-9C32-B28B81312D8C}.Release|Any CPU.Build.0 = Release|Any CPU
	EndGlobalSection
	GlobalSection(SolutionProperties) = preSolution
		HideSolutionNode = FALSE
	EndGlobalSection
	GlobalSection(NestedProjects) = preSolution
		{0D1C012D-3375-4FEC-9C32-B28B81312D8C} = {5B2D935D-6B22-4ECE-9CD3-6BC42496FA51}
	EndGlobalSection
	GlobalSection(ExtensibilityGlobals) = postSolution
		SolutionGuid = {1E71DA78-D3E2-427E-8A13-32F875E952C5}
	EndGlobalSection
EndGlobal
